
Microsoft Visual Studio Solution File, Format Version 12.00
# Visual Studio 15
VisualStudioVersion = 15.0.26730.12
MinimumVisualStudioVersion = 10.0.40219.1
Project("{9A19103F-16F7-4668-BE54-9A1E7A4F7556}") = "ThinkingHome.NooLite", "ThinkingHome.NooLite\ThinkingHome.NooLite.csproj", "{0ED6BE0B-18C6-47C8-92BF-955874F4FA0D}"
EndProject
Project("{9A19103F-16F7-4668-BE54-9A1E7A4F7556}") = "ThinkingHome.NooliteConsole", "ThinkingHome.NooLiteConsole\ThinkingHome.NooliteConsole.csproj", "{70840823-ADE4-4E2F-905A-285D8A5F5C4D}"
EndProject
Project("{9A19103F-16F7-4668-BE54-9A1E7A4F7556}") = "ThinkingHome.NooliteWebServer", "ThinkingHome.NooliteWebServer\ThinkingHome.NooliteWebServer.csproj", "{BD52AFE5-466C-445B-983B-581FA31F7692}"
EndProject
Global
	GlobalSection(SolutionConfigurationPlatforms) = preSolution
		Debug|Any CPU = Debug|Any CPU
		Release|Any CPU = Release|Any CPU
	EndGlobalSection
	GlobalSection(ProjectConfigurationPlatforms) = postSolution
		{0ED6BE0B-18C6-47C8-92BF-955874F4FA0D}.Debug|Any CPU.ActiveCfg = Debug|Any CPU
		{0ED6BE0B-18C6-47C8-92BF-955874F4FA0D}.Debug|Any CPU.Build.0 = Debug|Any CPU
		{0ED6BE0B-18C6-47C8-92BF-955874F4FA0D}.Release|Any CPU.ActiveCfg = Release|Any CPU
		{0ED6BE0B-18C6-47C8-92BF-955874F4FA0D}.Release|Any CPU.Build.0 = Release|Any CPU
		{70840823-ADE4-4E2F-905A-285D8A5F5C4D}.Debug|Any CPU.ActiveCfg = Debug|Any CPU
		{70840823-ADE4-4E2F-905A-285D8A5F5C4D}.Debug|Any CPU.Build.0 = Debug|Any CPU
		{70840823-ADE4-4E2F-905A-285D8A5F5C4D}.Release|Any CPU.ActiveCfg = Release|Any CPU
		{70840823-ADE4-4E2F-905A-285D8A5F5C4D}.Release|Any CPU.Build.0 = Release|Any CPU
		{BD52AFE5-466C-445B-983B-581FA31F7692}.Debug|Any CPU.ActiveCfg = Debug|Any CPU
		{BD52AFE5-466C-445B-983B-581FA31F7692}.Debug|Any CPU.Build.0 = Debug|Any CPU
		{BD52AFE5-466C-445B-983B-581FA31F7692}.Release|Any CPU.ActiveCfg = Release|Any CPU
		{BD52AFE5-466C-445B-983B-581FA31F7692}.Release|Any CPU.Build.0 = Release|Any CPU
	EndGlobalSection
	GlobalSection(SolutionProperties) = preSolution
		HideSolutionNode = FALSE
	EndGlobalSection
	GlobalSection(ExtensibilityGlobals) = postSolution
		SolutionGuid = {E982B539-31B5-4580-B90C-7FBE7EFDCEB5}
	EndGlobalSection
EndGlobal
